
Microsoft Visual Studio Solution File, Format Version 12.00
# Visual Studio Version 17
VisualStudioVersion = 17.3.32901.215
MinimumVisualStudioVersion = 10.0.40219.1
Project("{FAE04EC0-301F-11D3-BF4B-00C04F79EFBC}") = "Covid19Dashboard", "Covid19Dashboard\Covid19Dashboard.csproj", "{1EE530B7-7A36-4CFB-A0AE-39422190C4E1}"
EndProject
Global
	GlobalSection(SolutionConfigurationPlatforms) = preSolution
		Debug|Any CPU = Debug|Any CPU
		Release|Any CPU = Release|Any CPU
	EndGlobalSection
	GlobalSection(ProjectConfigurationPlatforms) = postSolution
		{1EE530B7-7A36-4CFB-A0AE-39422190C4E1}.Debug|Any CPU.ActiveCfg = Debug|Any CPU
		{1EE530B7-7A36-4CFB-A0AE-39422190C4E1}.Debug|Any CPU.Build.0 = Debug|Any CPU
		{1EE530B7-7A36-4CFB-A0AE-39422190C4E1}.Release|Any CPU.ActiveCfg = Release|Any CPU
		{1EE530B7-7A36-4CFB-A0AE-39422190C4E1}.Release|Any CPU.Build.0 = Release|Any CPU
	EndGlobalSection
	GlobalSection(SolutionProperties) = preSolution
		HideSolutionNode = FALSE
	EndGlobalSection
	GlobalSection(ExtensibilityGlobals) = postSolution
		SolutionGuid = {62DBC964-2635-46C9-88B5-984FB60D6455}
	EndGlobalSection
EndGlobal
